
Microsoft Visual Studio Solution File, Format Version 12.00
# Visual Studio Version 17
VisualStudioVersion = 17.14.36518.9 d17.14
MinimumVisualStudioVersion = 10.0.40219.1
Project("{FAE04EC0-301F-11D3-BF4B-00C04F79EFBC}") = "CityDistance", "CityDistance\CityDistance.csproj", "{A5FD857C-B6C9-4E75-B094-90B466D6EEF0}"
EndProject
Global
	GlobalSection(SolutionConfigurationPlatforms) = preSolution
		Debug|Any CPU = Debug|Any CPU
		Release|Any CPU = Release|Any CPU
	EndGlobalSection
	GlobalSection(ProjectConfigurationPlatforms) = postSolution
		{A5FD857C-B6C9-4E75-B094-90B466D6EEF0}.Debug|Any CPU.ActiveCfg = Debug|Any CPU
		{A5FD857C-B6C9-4E75-B094-90B466D6EEF0}.Debug|Any CPU.Build.0 = Debug|Any CPU
		{A5FD857C-B6C9-4E75-B094-90B466D6EEF0}.Release|Any CPU.ActiveCfg = Release|Any CPU
		{A5FD857C-B6C9-4E75-B094-90B466D6EEF0}.Release|Any CPU.Build.0 = Release|Any CPU
	EndGlobalSection
	GlobalSection(SolutionProperties) = preSolution
		HideSolutionNode = FALSE
	EndGlobalSection
	GlobalSection(ExtensibilityGlobals) = postSolution
		SolutionGuid = {FDFCD5DF-1627-4325-9DB3-C43C0D5DA734}
	EndGlobalSection
EndGlobal
